
Microsoft Visual Studio Solution File, Format Version 12.00
# Visual Studio Version 17
VisualStudioVersion = 17.13.35931.197 d17.13
MinimumVisualStudioVersion = 10.0.40219.1
Project("{FAE04EC0-301F-11D3-BF4B-00C04F79EFBC}") = "Formulario", "Formulario\Formulario.csproj", "{01CD897F-37F9-435B-BA82-E4CEC388C7A2}"
EndProject
Global
	GlobalSection(SolutionConfigurationPlatforms) = preSolution
		Debug|Any CPU = Debug|Any CPU
		Release|Any CPU = Release|Any CPU
	EndGlobalSection
	GlobalSection(ProjectConfigurationPlatforms) = postSolution
		{01CD897F-37F9-435B-BA82-E4CEC388C7A2}.Debug|Any CPU.ActiveCfg = Debug|Any CPU
		{01CD897F-37F9-435B-BA82-E4CEC388C7A2}.Debug|Any CPU.Build.0 = Debug|Any CPU
		{01CD897F-37F9-435B-BA82-E4CEC388C7A2}.Release|Any CPU.ActiveCfg = Release|Any CPU
		{01CD897F-37F9-435B-BA82-E4CEC388C7A2}.Release|Any CPU.Build.0 = Release|Any CPU
	EndGlobalSection
	GlobalSection(SolutionProperties) = preSolution
		HideSolutionNode = FALSE
	EndGlobalSection
	GlobalSection(ExtensibilityGlobals) = postSolution
		SolutionGuid = {A7350994-A93D-409C-8731-E008043A26BE}
	EndGlobalSection
EndGlobal
